
Microsoft Visual Studio Solution File, Format Version 12.00
# Visual Studio Version 17
VisualStudioVersion = 17.3.32929.385
MinimumVisualStudioVersion = 10.0.40219.1
Project("{FAE04EC0-301F-11D3-BF4B-00C04F79EFBC}") = "Fibonacci", "Fibonacci.csproj", "{F065E50C-A695-438B-863E-24B2ECC3D293}"
EndProject
Project("{FAE04EC0-301F-11D3-BF4B-00C04F79EFBC}") = "TestFibonacci", "..\TestFibonacci\TestFibonacci.csproj", "{FD7BA0EF-3F93-4BDC-8CD6-9D16D882550F}"
	ProjectSection(ProjectDependencies) = postProject
		{F065E50C-A695-438B-863E-24B2ECC3D293} = {F065E50C-A695-438B-863E-24B2ECC3D293}
	EndProjectSection
EndProject
Global
	GlobalSection(SolutionConfigurationPlatforms) = preSolution
		Debug|Any CPU = Debug|Any CPU
		Release|Any CPU = Release|Any CPU
	EndGlobalSection
	GlobalSection(ProjectConfigurationPlatforms) = postSolution
		{F065E50C-A695-438B-863E-24B2ECC3D293}.Debug|Any CPU.ActiveCfg = Debug|Any CPU
		{F065E50C-A695-438B-863E-24B2ECC3D293}.Debug|Any CPU.Build.0 = Debug|Any CPU
		{F065E50C-A695-438B-863E-24B2ECC3D293}.Release|Any CPU.ActiveCfg = Release|Any CPU
		{F065E50C-A695-438B-863E-24B2ECC3D293}.Release|Any CPU.Build.0 = Release|Any CPU
		{FD7BA0EF-3F93-4BDC-8CD6-9D16D882550F}.Debug|Any CPU.ActiveCfg = Debug|Any CPU
		{FD7BA0EF-3F93-4BDC-8CD6-9D16D882550F}.Debug|Any CPU.Build.0 = Debug|Any CPU
		{FD7BA0EF-3F93-4BDC-8CD6-9D16D882550F}.Release|Any CPU.ActiveCfg = Release|Any CPU
		{FD7BA0EF-3F93-4BDC-8CD6-9D16D882550F}.Release|Any CPU.Build.0 = Release|Any CPU
	EndGlobalSection
	GlobalSection(SolutionProperties) = preSolution
		HideSolutionNode = FALSE
	EndGlobalSection
	GlobalSection(ExtensibilityGlobals) = postSolution
		SolutionGuid = {627715A6-AB1D-41BC-8448-CCD09F6EFDC8}
	EndGlobalSection
EndGlobal
